
Microsoft Visual Studio Solution File, Format Version 12.00
# Visual Studio Version 16
VisualStudioVersion = 16.0.31402.337
MinimumVisualStudioVersion = 10.0.40219.1
Project("{888888A0-9F3D-457C-B088-3A5042F75D52}") = "KNN Classifier_final", "KNN Classifier_final\KNN Classifier_final.pyproj", "{8B11C3A8-311B-451C-B674-5707FD4AFACB}"
EndProject
Global
	GlobalSection(SolutionConfigurationPlatforms) = preSolution
		Debug|Any CPU = Debug|Any CPU
		Release|Any CPU = Release|Any CPU
	EndGlobalSection
	GlobalSection(ProjectConfigurationPlatforms) = postSolution
		{8B11C3A8-311B-451C-B674-5707FD4AFACB}.Debug|Any CPU.ActiveCfg = Debug|Any CPU
		{8B11C3A8-311B-451C-B674-5707FD4AFACB}.Release|Any CPU.ActiveCfg = Release|Any CPU
	EndGlobalSection
	GlobalSection(SolutionProperties) = preSolution
		HideSolutionNode = FALSE
	EndGlobalSection
	GlobalSection(ExtensibilityGlobals) = postSolution
		SolutionGuid = {C396683A-6651-4C9A-97A2-7565CDEAFE07}
	EndGlobalSection
EndGlobal
